
Microsoft Visual Studio Solution File, Format Version 12.00
# Visual Studio Version 16
VisualStudioVersion = 16.0.30225.117
MinimumVisualStudioVersion = 10.0.40219.1
Project("{FAE04EC0-301F-11D3-BF4B-00C04F79EFBC}") = "TestWorkflow", "TestWorkflow\TestWorkflow.csproj", "{122E3B9D-25DA-4EC5-AC56-31995E4BD339}"
EndProject
Global
	GlobalSection(SolutionConfigurationPlatforms) = preSolution
		Debug|Any CPU = Debug|Any CPU
		Release|Any CPU = Release|Any CPU
	EndGlobalSection
	GlobalSection(ProjectConfigurationPlatforms) = postSolution
		{122E3B9D-25DA-4EC5-AC56-31995E4BD339}.Debug|Any CPU.ActiveCfg = Debug|Any CPU
		{122E3B9D-25DA-4EC5-AC56-31995E4BD339}.Debug|Any CPU.Build.0 = Debug|Any CPU
		{122E3B9D-25DA-4EC5-AC56-31995E4BD339}.Release|Any CPU.ActiveCfg = Release|Any CPU
		{122E3B9D-25DA-4EC5-AC56-31995E4BD339}.Release|Any CPU.Build.0 = Release|Any CPU
	EndGlobalSection
	GlobalSection(SolutionProperties) = preSolution
		HideSolutionNode = FALSE
	EndGlobalSection
	GlobalSection(ExtensibilityGlobals) = postSolution
		SolutionGuid = {68597563-F706-4597-A3AF-C0A6D51F0C8F}
	EndGlobalSection
EndGlobal
